# Reviewed from https://pypi.org/pypi/PyYAML/6.0.3/json.
# Install only with: python -m pip install --require-hashes --requirement requirements-runtime.lock
# artifact: pyyaml-6.0.3-cp311-cp311-macosx_11_0_arm64.whl sha256:652cb6edd41e718550aad172851962662ff2681490a8a711af6a4d288dd96824
PyYAML==6.0.3 ; implementation_name == "cpython" and python_version == "3.11" and platform_system == "Darwin" and platform_machine == "arm64" \
    --hash=sha256:652cb6edd41e718550aad172851962662ff2681490a8a711af6a4d288dd96824
# artifact: pyyaml-6.0.3-cp311-cp311-manylinux2014_x86_64.manylinux_2_17_x86_64.manylinux_2_28_x86_64.whl sha256:b8bb0864c5a28024fac8a632c443c87c5aa6f215c0b126c449ae1a150412f31d
PyYAML==6.0.3 ; implementation_name == "cpython" and python_version == "3.11" and platform_system == "Linux" and platform_machine == "x86_64" \
    --hash=sha256:b8bb0864c5a28024fac8a632c443c87c5aa6f215c0b126c449ae1a150412f31d
# artifact: pyyaml-6.0.3-cp312-cp312-macosx_11_0_arm64.whl sha256:fc09d0aa354569bc501d4e787133afc08552722d3ab34836a80547331bb5d4a0
PyYAML==6.0.3 ; implementation_name == "cpython" and python_version == "3.12" and platform_system == "Darwin" and platform_machine == "arm64" \
    --hash=sha256:fc09d0aa354569bc501d4e787133afc08552722d3ab34836a80547331bb5d4a0
# artifact: pyyaml-6.0.3-cp312-cp312-manylinux2014_x86_64.manylinux_2_17_x86_64.manylinux_2_28_x86_64.whl sha256:ba1cc08a7ccde2d2ec775841541641e4548226580ab850948cbfda66a1befcdc
PyYAML==6.0.3 ; implementation_name == "cpython" and python_version == "3.12" and platform_system == "Linux" and platform_machine == "x86_64" \
    --hash=sha256:ba1cc08a7ccde2d2ec775841541641e4548226580ab850948cbfda66a1befcdc
# artifact: pyyaml-6.0.3-cp313-cp313-macosx_11_0_arm64.whl sha256:2283a07e2c21a2aa78d9c4442724ec1eb15f5e42a723b99cb3d822d48f5f7ad1
PyYAML==6.0.3 ; implementation_name == "cpython" and python_version == "3.13" and platform_system == "Darwin" and platform_machine == "arm64" \
    --hash=sha256:2283a07e2c21a2aa78d9c4442724ec1eb15f5e42a723b99cb3d822d48f5f7ad1
# artifact: pyyaml-6.0.3-cp313-cp313-manylinux2014_x86_64.manylinux_2_17_x86_64.manylinux_2_28_x86_64.whl sha256:0f29edc409a6392443abf94b9cf89ce99889a1dd5376d94316ae5145dfedd5d6
PyYAML==6.0.3 ; implementation_name == "cpython" and python_version == "3.13" and platform_system == "Linux" and platform_machine == "x86_64" \
    --hash=sha256:0f29edc409a6392443abf94b9cf89ce99889a1dd5376d94316ae5145dfedd5d6
# artifact: pyyaml-6.0.3-cp314-cp314-macosx_11_0_arm64.whl sha256:34d5fcd24b8445fadc33f9cf348c1047101756fd760b4dacb5c3e99755703310
PyYAML==6.0.3 ; implementation_name == "cpython" and python_version == "3.14" and platform_system == "Darwin" and platform_machine == "arm64" \
    --hash=sha256:34d5fcd24b8445fadc33f9cf348c1047101756fd760b4dacb5c3e99755703310
# artifact: pyyaml-6.0.3-cp314-cp314-manylinux2014_x86_64.manylinux_2_17_x86_64.manylinux_2_28_x86_64.whl sha256:c458b6d084f9b935061bc36216e8a69a7e293a2f1e68bf956dcd9e6cbcd143f5
PyYAML==6.0.3 ; implementation_name == "cpython" and python_version == "3.14" and platform_system == "Linux" and platform_machine == "x86_64" \
    --hash=sha256:c458b6d084f9b935061bc36216e8a69a7e293a2f1e68bf956dcd9e6cbcd143f5
